
Microsoft Visual Studio Solution File, Format Version 12.00
# Visual Studio Version 17
VisualStudioVersion = 17.10.34928.147
MinimumVisualStudioVersion = 10.0.40219.1
Project("{FAE04EC0-301F-11D3-BF4B-00C04F79EFBC}") = "FastDirTest", "FastDirTest\FastDirTest.csproj", "{EFCAC875-05AE-4A65-8051-F92997D7F96E}"
EndProject
Global
	GlobalSection(SolutionConfigurationPlatforms) = preSolution
		Debug|Any CPU = Debug|Any CPU
		Release|Any CPU = Release|Any CPU
	EndGlobalSection
	GlobalSection(ProjectConfigurationPlatforms) = postSolution
		{EFCAC875-05AE-4A65-8051-F92997D7F96E}.Debug|Any CPU.ActiveCfg = Debug|Any CPU
		{EFCAC875-05AE-4A65-8051-F92997D7F96E}.Debug|Any CPU.Build.0 = Debug|Any CPU
		{EFCAC875-05AE-4A65-8051-F92997D7F96E}.Release|Any CPU.ActiveCfg = Release|Any CPU
		{EFCAC875-05AE-4A65-8051-F92997D7F96E}.Release|Any CPU.Build.0 = Release|Any CPU
	EndGlobalSection
	GlobalSection(SolutionProperties) = preSolution
		HideSolutionNode = FALSE
	EndGlobalSection
	GlobalSection(ExtensibilityGlobals) = postSolution
		SolutionGuid = {668072AD-5803-413F-BB33-A500CB71993D}
	EndGlobalSection
EndGlobal
